// !$*UTF8*$!
{
	archiveVersion = 1;
	classes = {
	};
	objectVersion = 46;
	objects = {

/* Begin PBXBuildFile section */
		96915EA71E5AFBC500B23EDB /* main.m in Sources */ = {isa = PBXBuildFile; fileRef = 96915EA61E5AFBC500B23EDB /* main.m */; };
		96915EAA1E5AFBC500B23EDB /* AppDelegate.m in Sources */ = {isa = PBXBuildFile; fileRef = 96915EA91E5AFBC500B23EDB /* AppDelegate.m */; };
		96915EAD1E5AFBC500B23EDB /* ViewController.m in Sources */ = {isa = PBXBuildFile; fileRef = 96915EAC1E5AFBC500B23EDB /* ViewController.m */; };
		96915EB01E5AFBC500B23EDB /* Main.storyboard in Resources */ = {isa = PBXBuildFile; fileRef = 96915EAE1E5AFBC500B23EDB /* Main.storyboard */; };
		96915EB21E5AFBC500B23EDB /* Assets.xcassets in Resources */ = {isa = PBXBuildFile; fileRef = 96915EB11E5AFBC500B23EDB /* Assets.xcassets */; };
		96915EB51E5AFBC500B23EDB /* LaunchScreen.storyboard in Resources */ = {isa = PBXBuildFile; fileRef = 96915EB31E5AFBC500B23EDB /* LaunchScreen.storyboard */; };
		96915EBE1E5B02F700B23EDB /* myTableViewController.m in Sources */ = {isa = PBXBuildFile; fileRef = 96915EBD1E5B02F700B23EDB /* myTableViewController.m */; };
		96915EC61E5D825000B23EDB /* weiboModel.m in Sources */ = {isa = PBXBuildFile; fileRef = 96915EC51E5D825000B23EDB /* weiboModel.m */; };
		96915EC91E5D8CAC00B23EDB /* itemModel.m in Sources */ = {isa = PBXBuildFile; fileRef = 96915EC81E5D8CAC00B23EDB /* itemModel.m */; };
		96915ED81E5EBAB200B23EDB /* imageTableViewCell.m in Sources */ = {isa = PBXBuildFile; fileRef = 96915ED71E5EBAB200B23EDB /* imageTableViewCell.m */; };
		96915EE51E5EC28000B23EDB /* SCActivityIndicatorView.m in Sources */ = {isa = PBXBuildFile; fileRef = 96915EDC1E5EC28000B23EDB /* SCActivityIndicatorView.m */; };
		96915EE61E5EC28000B23EDB /* SCPictureBrowser.m in Sources */ = {isa = PBXBuildFile; fileRef = 96915EDE1E5EC28000B23EDB /* SCPictureBrowser.m */; };
		96915EE71E5EC28000B23EDB /* SCPictureCell.m in Sources */ = {isa = PBXBuildFile; fileRef = 96915EE01E5EC28000B23EDB /* SCPictureCell.m */; };
		96915EE81E5EC28000B23EDB /* SCPictureItem.m in Sources */ = {isa = PBXBuildFile; fileRef = 96915EE21E5EC28000B23EDB /* SCPictureItem.m */; };
		96915EE91E5EC28000B23EDB /* SCToastView.m in Sources */ = {isa = PBXBuildFile; fileRef = 96915EE41E5EC28000B23EDB /* SCToastView.m */; };
		96915F191E5EDEA700B23EDB /* wordTableViewCell.m in Sources */ = {isa = PBXBuildFile; fileRef = 96915F181E5EDEA700B23EDB /* wordTableViewCell.m */; };
		D82192413052514408AA67FF /* Pods_qiushibaike.framework in Frameworks */ = {isa = PBXBuildFile; fileRef = BD1BC2D23BF3C7021AD6DB7B /* Pods_qiushibaike.framework */; };
/* End PBXBuildFile section */

/* Begin PBXFileReference section */
		10CFFB9517EFB44C8B909C51 /* Pods-qiushibaike.release.xcconfig */ = {isa = PBXFileReference; includeInIndex = 1; lastKnownFileType = text.xcconfig; name = "Pods-qiushibaike.release.xcconfig"; path = "Pods/Target Support Files/Pods-qiushibaike/Pods-qiushibaike.release.xcconfig"; sourceTree = "<group>"; };
		96915EA21E5AFBC500B23EDB /* qiushibaike.app */ = {isa = PBXFileReference; explicitFileType = wrapper.application; includeInIndex = 0; path = qiushibaike.app; sourceTree = BUILT_PRODUCTS_DIR; };
		96915EA61E5AFBC500B23EDB /* main.m */ = {isa = PBXFileReference; lastKnownFileType = sourcecode.c.objc; path = main.m; sourceTree = "<group>"; };
		96915EA81E5AFBC500B23EDB /* AppDelegate.h */ = {isa = PBXFileReference; lastKnownFileType = sourcecode.c.h; path = AppDelegate.h; sourceTree = "<group>"; };
		96915EA91E5AFBC500B23EDB /* AppDelegate.m */ = {isa = PBXFileReference; lastKnownFileType = sourcecode.c.objc; path = AppDelegate.m; sourceTree = "<group>"; };
		96915EAB1E5AFBC500B23EDB /* ViewController.h */ = {isa = PBXFileReference; lastKnownFileType = sourcecode.c.h; path = ViewController.h; sourceTree = "<group>"; };
		96915EAC1E5AFBC500B23EDB /* ViewController.m */ = {isa = PBXFileReference; lastKnownFileType = sourcecode.c.objc; path = ViewController.m; sourceTree = "<group>"; };
		96915EAF1E5AFBC500B23EDB /* Base */ = {isa = PBXFileReference; lastKnownFileType = file.storyboard; name = Base; path = Base.lproj/Main.storyboard; sourceTree = "<group>"; };
		96915EB11E5AFBC500B23EDB /* Assets.xcassets */ = {isa = PBXFileReference; lastKnownFileType = folder.assetcatalog; path = Assets.xcassets; sourceTree = "<group>"; };
		96915EB41E5AFBC500B23EDB /* Base */ = {isa = PBXFileReference; lastKnownFileType = file.storyboard; name = Base; path = Base.lproj/LaunchScreen.storyboard; sourceTree = "<group>"; };
		96915EB61E5AFBC500B23EDB /* Info.plist */ = {isa = PBXFileReference; lastKnownFileType = text.plist.xml; path = Info.plist; sourceTree = "<group>"; };
		96915EBC1E5B02F700B23EDB /* myTableViewController.h */ = {isa = PBXFileReference; fileEncoding = 4; lastKnownFileType = sourcecode.c.h; path = myTableViewController.h; sourceTree = "<group>"; };
		96915EBD1E5B02F700B23EDB /* myTableViewController.m */ = {isa = PBXFileReference; fileEncoding = 4; lastKnownFileType = sourcecode.c.objc; path = myTableViewController.m; sourceTree = "<group>"; };
		96915EC41E5D825000B23EDB /* weiboModel.h */ = {isa = PBXFileReference; fileEncoding = 4; lastKnownFileType = sourcecode.c.h; path = weiboModel.h; sourceTree = "<group>"; };
		96915EC51E5D825000B23EDB /* weiboModel.m */ = {isa = PBXFileReference; fileEncoding = 4; lastKnownFileType = sourcecode.c.objc; path = weiboModel.m; sourceTree = "<group>"; };
		96915EC71E5D8CAC00B23EDB /* itemModel.h */ = {isa = PBXFileReference; fileEncoding = 4; lastKnownFileType = sourcecode.c.h; path = itemModel.h; sourceTree = "<group>"; };
		96915EC81E5D8CAC00B23EDB /* itemModel.m */ = {isa = PBXFileReference; fileEncoding = 4; lastKnownFileType = sourcecode.c.objc; path = itemModel.m; sourceTree = "<group>"; };
		96915ED61E5EBAB200B23EDB /* imageTableViewCell.h */ = {isa = PBXFileReference; fileEncoding = 4; lastKnownFileType = sourcecode.c.h; path = imageTableViewCell.h; sourceTree = "<group>"; };
		96915ED71E5EBAB200B23EDB /* imageTableViewCell.m */ = {isa = PBXFileReference; fileEncoding = 4; lastKnownFileType = sourcecode.c.objc; path = imageTableViewCell.m; sourceTree = "<group>"; };
		96915EDB1E5EC28000B23EDB /* SCActivityIndicatorView.h */ = {isa = PBXFileReference; fileEncoding = 4; lastKnownFileType = sourcecode.c.h; path = SCActivityIndicatorView.h; sourceTree = "<group>"; };
		96915EDC1E5EC28000B23EDB /* SCActivityIndicatorView.m */ = {isa = PBXFileReference; fileEncoding = 4; lastKnownFileType = sourcecode.c.objc; path = SCActivityIndicatorView.m; sourceTree = "<group>"; };
		96915EDD1E5EC28000B23EDB /* SCPictureBrowser.h */ = {isa = PBXFileReference; fileEncoding = 4; lastKnownFileType = sourcecode.c.h; path = SCPictureBrowser.h; sourceTree = "<group>"; };
		96915EDE1E5EC28000B23EDB /* SCPictureBrowser.m */ = {isa = PBXFileReference; fileEncoding = 4; lastKnownFileType = sourcecode.c.objc; path = SCPictureBrowser.m; sourceTree = "<group>"; };
		96915EDF1E5EC28000B23EDB /* SCPictureCell.h */ = {isa = PBXFileReference; fileEncoding = 4; lastKnownFileType = sourcecode.c.h; path = SCPictureCell.h; sourceTree = "<group>"; };
		96915EE01E5EC28000B23EDB /* SCPictureCell.m */ = {isa = PBXFileReference; fileEncoding = 4; lastKnownFileType = sourcecode.c.objc; path = SCPictureCell.m; sourceTree = "<group>"; };
		96915EE11E5EC28000B23EDB /* SCPictureItem.h */ = {isa = PBXFileReference; fileEncoding = 4; lastKnownFileType = sourcecode.c.h; path = SCPictureItem.h; sourceTree = "<group>"; };
		96915EE21E5EC28000B23EDB /* SCPictureItem.m */ = {isa = PBXFileReference; fileEncoding = 4; lastKnownFileType = sourcecode.c.objc; path = SCPictureItem.m; sourceTree = "<group>"; };
		96915EE31E5EC28000B23EDB /* SCToastView.h */ = {isa = PBXFileReference; fileEncoding = 4; lastKnownFileType = sourcecode.c.h; path = SCToastView.h; sourceTree = "<group>"; };
		96915EE41E5EC28000B23EDB /* SCToastView.m */ = {isa = PBXFileReference; fileEncoding = 4; lastKnownFileType = sourcecode.c.objc; path = SCToastView.m; sourceTree = "<group>"; };
		96915F171E5EDEA700B23EDB /* wordTableViewCell.h */ = {isa = PBXFileReference; fileEncoding = 4; lastKnownFileType = sourcecode.c.h; path = wordTableViewCell.h; sourceTree = "<group>"; };
		96915F181E5EDEA700B23EDB /* wordTableViewCell.m */ = {isa = PBXFileReference; fileEncoding = 4; lastKnownFileType = sourcecode.c.objc; path = wordTableViewCell.m; sourceTree = "<group>"; };
		BD1BC2D23BF3C7021AD6DB7B /* Pods_qiushibaike.framework */ = {isa = PBXFileReference; explicitFileType = wrapper.framework; includeInIndex = 0; path = Pods_qiushibaike.framework; sourceTree = BUILT_PRODUCTS_DIR; };
		F62E4A0F0CF99B3B4AD0265A /* Pods-qiushibaike.debug.xcconfig */ = {isa = PBXFileReference; includeInIndex = 1; lastKnownFileType = text.xcconfig; name = "Pods-qiushibaike.debug.xcconfig"; path = "Pods/Target Support Files/Pods-qiushibaike/Pods-qiushibaike.debug.xcconfig"; sourceTree = "<group>"; };
/* End PBXFileReference section */

/* Begin PBXFrameworksBuildPhase section */
		96915E9F1E5AFBC500B23EDB /* Frameworks */ = {
			isa = PBXFrameworksBuildPhase;
			buildActionMask = 2147483647;
			files = (
				D82192413052514408AA67FF /* Pods_qiushibaike.framework in Frameworks */,
			);
			runOnlyForDeploymentPostprocessing = 0;
		};
/* End PBXFrameworksBuildPhase section */

/* Begin PBXGroup section */
		46C8AEEA834CD08DA4E2FBDD /* Pods */ = {
			isa = PBXGroup;
			children = (
				F62E4A0F0CF99B3B4AD0265A /* Pods-qiushibaike.debug.xcconfig */,
				10CFFB9517EFB44C8B909C51 /* Pods-qiushibaike.release.xcconfig */,
			);
			name = Pods;
			sourceTree = "<group>";
		};
		5D25F43469EF6111E934B084 /* Frameworks */ = {
			isa = PBXGroup;
			children = (
				BD1BC2D23BF3C7021AD6DB7B /* Pods_qiushibaike.framework */,
			);
			name = Frameworks;
			sourceTree = "<group>";
		};
		96915E991E5AFBC500B23EDB = {
			isa = PBXGroup;
			children = (
				96915EA41E5AFBC500B23EDB /* qiushibaike */,
				96915EA31E5AFBC500B23EDB /* Products */,
				46C8AEEA834CD08DA4E2FBDD /* Pods */,
				5D25F43469EF6111E934B084 /* Frameworks */,
			);
			sourceTree = "<group>";
		};
		96915EA31E5AFBC500B23EDB /* Products */ = {
			isa = PBXGroup;
			children = (
				96915EA21E5AFBC500B23EDB /* qiushibaike.app */,
			);
			name = Products;
			sourceTree = "<group>";
		};
		96915EA41E5AFBC500B23EDB /* qiushibaike */ = {
			isa = PBXGroup;
			children = (
				96915EEA1E5EC28C00B23EDB /* SCPictureBrowser */,
				96915EA81E5AFBC500B23EDB /* AppDelegate.h */,
				96915EA91E5AFBC500B23EDB /* AppDelegate.m */,
				96915EAB1E5AFBC500B23EDB /* ViewController.h */,
				96915EAC1E5AFBC500B23EDB /* ViewController.m */,
				96915EBC1E5B02F700B23EDB /* myTableViewController.h */,
				96915EBD1E5B02F700B23EDB /* myTableViewController.m */,
				96915ED61E5EBAB200B23EDB /* imageTableViewCell.h */,
				96915ED71E5EBAB200B23EDB /* imageTableViewCell.m */,
				96915F171E5EDEA700B23EDB /* wordTableViewCell.h */,
				96915F181E5EDEA700B23EDB /* wordTableViewCell.m */,
				96915EAE1E5AFBC500B23EDB /* Main.storyboard */,
				96915EB11E5AFBC500B23EDB /* Assets.xcassets */,
				96915EB31E5AFBC500B23EDB /* LaunchScreen.storyboard */,
				96915EB61E5AFBC500B23EDB /* Info.plist */,
				96915EA51E5AFBC500B23EDB /* Supporting Files */,
				96915EC41E5D825000B23EDB /* weiboModel.h */,
				96915EC51E5D825000B23EDB /* weiboModel.m */,
				96915EC71E5D8CAC00B23EDB /* itemModel.h */,
				96915EC81E5D8CAC00B23EDB /* itemModel.m */,
			);
			path = qiushibaike;
			sourceTree = "<group>";
		};
		96915EA51E5AFBC500B23EDB /* Supporting Files */ = {
			isa = PBXGroup;
			children = (
				96915EA61E5AFBC500B23EDB /* main.m */,
			);
			name = "Supporting Files";
			sourceTree = "<group>";
		};
		96915EEA1E5EC28C00B23EDB /* SCPictureBrowser */ = {
			isa = PBXGroup;
			children = (
				96915EDB1E5EC28000B23EDB /* SCActivityIndicatorView.h */,
				96915EDC1E5EC28000B23EDB /* SCActivityIndicatorView.m */,
				96915EDD1E5EC28000B23EDB /* SCPictureBrowser.h */,
				96915EDE1E5EC28000B23EDB /* SCPictureBrowser.m */,
				96915EDF1E5EC28000B23EDB /* SCPictureCell.h */,
				96915EE01E5EC28000B23EDB /* SCPictureCell.m */,
				96915EE11E5EC28000B23EDB /* SCPictureItem.h */,
				96915EE21E5EC28000B23EDB /* SCPictureItem.m */,
				96915EE31E5EC28000B23EDB /* SCToastView.h */,
				96915EE41E5EC28000B23EDB /* SCToastView.m */,
			);
			name = SCPictureBrowser;
			sourceTree = "<group>";
		};
/* End PBXGroup section */

/* Begin PBXNativeTarget section */
		96915EA11E5AFBC500B23EDB /* qiushibaike */ = {
			isa = PBXNativeTarget;
			buildConfigurationList = 96915EB91E5AFBC500B23EDB /* Build configuration list for PBXNativeTarget "qiushibaike" */;
			buildPhases = (
				451ACBFED4D7508A4F0A1660 /* 📦 Check Pods Manifest.lock */,
				96915E9E1E5AFBC500B23EDB /* Sources */,
				96915E9F1E5AFBC500B23EDB /* Frameworks */,
				96915EA01E5AFBC500B23EDB /* Resources */,
				6F8666560BA6D9AE2C891D90 /* 📦 Embed Pods Frameworks */,
				27E6E61FFB4A6FDA81627908 /* 📦 Copy Pods Resources */,
			);
			buildRules = (
			);
			dependencies = (
			);
			name = qiushibaike;
			productName = qiushibaike;
			productReference = 96915EA21E5AFBC500B23EDB /* qiushibaike.app */;
			productType = "com.apple.product-type.application";
		};
/* End PBXNativeTarget section */

/* Begin PBXProject section */
		96915E9A1E5AFBC500B23EDB /* Project object */ = {
			isa = PBXProject;
			attributes = {
				LastUpgradeCheck = 0820;
				ORGANIZATIONNAME = longwei;
				TargetAttributes = {
					96915EA11E5AFBC500B23EDB = {
						CreatedOnToolsVersion = 8.2.1;
						DevelopmentTeam = JENXPCF8U3;
						ProvisioningStyle = Automatic;
					};
				};
			};
			buildConfigurationList = 96915E9D1E5AFBC500B23EDB /* Build configuration list for PBXProject "qiushibaike" */;
			compatibilityVersion = "Xcode 3.2";
			developmentRegion = English;
			hasScannedForEncodings = 0;
			knownRegions = (
				en,
				Base,
			);
			mainGroup = 96915E991E5AFBC500B23EDB;
			productRefGroup = 96915EA31E5AFBC500B23EDB /* Products */;
			projectDirPath = "";
			projectRoot = "";
			targets = (
				96915EA11E5AFBC500B23EDB /* qiushibaike */,
			);
		};
/* End PBXProject section */

/* Begin PBXResourcesBuildPhase section */
		96915EA01E5AFBC500B23EDB /* Resources */ = {
			isa = PBXResourcesBuildPhase;
			buildActionMask = 2147483647;
			files = (
				96915EB51E5AFBC500B23EDB /* LaunchScreen.storyboard in Resources */,
				96915EB21E5AFBC500B23EDB /* Assets.xcassets in Resources */,
				96915EB01E5AFBC500B23EDB /* Main.storyboard in Resources */,
			);
			runOnlyForDeploymentPostprocessing = 0;
		};
/* End PBXResourcesBuildPhase section */

/* Begin PBXShellScriptBuildPhase section */
		27E6E61FFB4A6FDA81627908 /* 📦 Copy Pods Resources */ = {
			isa = PBXShellScriptBuildPhase;
			buildActionMask = 2147483647;
			files = (
			);
			inputPaths = (
			);
			name = "📦 Copy Pods Resources";
			outputPaths = (
			);
			runOnlyForDeploymentPostprocessing = 0;
			shellPath = /bin/sh;
			shellScript = "\"${SRCROOT}/Pods/Target Support Files/Pods-qiushibaike/Pods-qiushibaike-resources.sh\"\n";
			showEnvVarsInLog = 0;
		};
		451ACBFED4D7508A4F0A1660 /* 📦 Check Pods Manifest.lock */ = {
			isa = PBXShellScriptBuildPhase;
			buildActionMask = 2147483647;
			files = (
			);
			inputPaths = (
			);
			name = "📦 Check Pods Manifest.lock";
			outputPaths = (
			);
			runOnlyForDeploymentPostprocessing = 0;
			shellPath = /bin/sh;
			shellScript = "diff \"${PODS_ROOT}/../Podfile.lock\" \"${PODS_ROOT}/Manifest.lock\" > /dev/null\nif [[ $? != 0 ]] ; then\n    cat << EOM\nerror: The sandbox is not in sync with the Podfile.lock. Run 'pod install' or update your CocoaPods installation.\nEOM\n    exit 1\nfi\n";
			showEnvVarsInLog = 0;
		};
		6F8666560BA6D9AE2C891D90 /* 📦 Embed Pods Frameworks */ = {
			isa = PBXShellScriptBuildPhase;
			buildActionMask = 2147483647;
			files = (
			);
			inputPaths = (
			);
			name = "📦 Embed Pods Frameworks";
			outputPaths = (
			);
			runOnlyForDeploymentPostprocessing = 0;
			shellPath = /bin/sh;
			shellScript = "\"${SRCROOT}/Pods/Target Support Files/Pods-qiushibaike/Pods-qiushibaike-frameworks.sh\"\n";
			showEnvVarsInLog = 0;
		};
/* End PBXShellScriptBuildPhase section */

/* Begin PBXSourcesBuildPhase section */
		96915E9E1E5AFBC500B23EDB /* Sources */ = {
			isa = PBXSourcesBuildPhase;
			buildActionMask = 2147483647;
			files = (
				96915EE91E5EC28000B23EDB /* SCToastView.m in Sources */,
				96915F191E5EDEA700B23EDB /* wordTableViewCell.m in Sources */,
				96915EE61E5EC28000B23EDB /* SCPictureBrowser.m in Sources */,
				96915EC91E5D8CAC00B23EDB /* itemModel.m in Sources */,
				96915EAD1E5AFBC500B23EDB /* ViewController.m in Sources */,
				96915EE81E5EC28000B23EDB /* SCPictureItem.m in Sources */,
				96915EAA1E5AFBC500B23EDB /* AppDelegate.m in Sources */,
				96915EC61E5D825000B23EDB /* weiboModel.m in Sources */,
				96915ED81E5EBAB200B23EDB /* imageTableViewCell.m in Sources */,
				96915EE71E5EC28000B23EDB /* SCPictureCell.m in Sources */,
				96915EA71E5AFBC500B23EDB /* main.m in Sources */,
				96915EBE1E5B02F700B23EDB /* myTableViewController.m in Sources */,
				96915EE51E5EC28000B23EDB /* SCActivityIndicatorView.m in Sources */,
			);
			runOnlyForDeploymentPostprocessing = 0;
		};
/* End PBXSourcesBuildPhase section */

/* Begin PBXVariantGroup section */
		96915EAE1E5AFBC500B23EDB /* Main.storyboard */ = {
			isa = PBXVariantGroup;
			children = (
				96915EAF1E5AFBC500B23EDB /* Base */,
			);
			name = Main.storyboard;
			sourceTree = "<group>";
		};
		96915EB31E5AFBC500B23EDB /* LaunchScreen.storyboard */ = {
			isa = PBXVariantGroup;
			children = (
				96915EB41E5AFBC500B23EDB /* Base */,
			);
			name = LaunchScreen.storyboard;
			sourceTree = "<group>";
		};
/* End PBXVariantGroup section */

/* Begin XCBuildConfiguration section */
		96915EB71E5AFBC500B23EDB /* Debug */ = {
			isa = XCBuildConfiguration;
			buildSettings = {
				ALWAYS_SEARCH_USER_PATHS = NO;
				CLANG_ANALYZER_NONNULL = YES;
				CLANG_CXX_LANGUAGE_STANDARD = "gnu++0x";
				CLANG_CXX_LIBRARY = "libc++";
				CLANG_ENABLE_MODULES = YES;
				CLANG_ENABLE_OBJC_ARC = YES;
				CLANG_WARN_BOOL_CONVERSION = YES;
				CLANG_WARN_CONSTANT_CONVERSION = YES;
				CLANG_WARN_DIRECT_OBJC_ISA_USAGE = YES_ERROR;
				CLANG_WARN_DOCUMENTATION_COMMENTS = YES;
				CLANG_WARN_EMPTY_BODY = YES;
				CLANG_WARN_ENUM_CONVERSION = YES;
				CLANG_WARN_INFINITE_RECURSION = YES;
				CLANG_WARN_INT_CONVERSION = YES;
				CLANG_WARN_OBJC_ROOT_CLASS = YES_ERROR;
				CLANG_WARN_SUSPICIOUS_MOVE = YES;
				CLANG_WARN_UNREACHABLE_CODE = YES;
				CLANG_WARN__DUPLICATE_METHOD_MATCH = YES;
				"CODE_SIGN_IDENTITY[sdk=iphoneos*]" = "iPhone Developer";
				COPY_PHASE_STRIP = NO;
				DEBUG_INFORMATION_FORMAT = dwarf;
				ENABLE_STRICT_OBJC_MSGSEND = YES;
				ENABLE_TESTABILITY = YES;
				GCC_C_LANGUAGE_STANDARD = gnu99;
				GCC_DYNAMIC_NO_PIC = NO;
				GCC_NO_COMMON_BLOCKS = YES;
				GCC_OPTIMIZATION_LEVEL = 0;
				GCC_PREPROCESSOR_DEFINITIONS = (
					"DEBUG=1",
					"$(inherited)",
				);
				GCC_WARN_64_TO_32_BIT_CONVERSION = YES;
				GCC_WARN_ABOUT_RETURN_TYPE = YES_ERROR;
				GCC_WARN_UNDECLARED_SELECTOR = YES;
				GCC_WARN_UNINITIALIZED_AUTOS = YES_AGGRESSIVE;
				GCC_WARN_UNUSED_FUNCTION = YES;
				GCC_WARN_UNUSED_VARIABLE = YES;
				IPHONEOS_DEPLOYMENT_TARGET = 10.2;
				MTL_ENABLE_DEBUG_INFO = YES;
				ONLY_ACTIVE_ARCH = YES;
				SDKROOT = iphoneos;
			};
			name = Debug;
		};
		96915EB81E5AFBC500B23EDB /* Release */ = {
			isa = XCBuildConfiguration;
			buildSettings = {
				ALWAYS_SEARCH_USER_PATHS = NO;
				CLANG_ANALYZER_NONNULL = YES;
				CLANG_CXX_LANGUAGE_STANDARD = "gnu++0x";
				CLANG_CXX_LIBRARY = "libc++";
				CLANG_ENABLE_MODULES = YES;
				CLANG_ENABLE_OBJC_ARC = YES;
				CLANG_WARN_BOOL_CONVERSION = YES;
				CLANG_WARN_CONSTANT_CONVERSION = YES;
				CLANG_WARN_DIRECT_OBJC_ISA_USAGE = YES_ERROR;
				CLANG_WARN_DOCUMENTATION_COMMENTS = YES;
				CLANG_WARN_EMPTY_BODY = YES;
				CLANG_WARN_ENUM_CONVERSION = YES;
				CLANG_WARN_INFINITE_RECURSION = YES;
				CLANG_WARN_INT_CONVERSION = YES;
				CLANG_WARN_OBJC_ROOT_CLASS = YES_ERROR;
				CLANG_WARN_SUSPICIOUS_MOVE = YES;
				CLANG_WARN_UNREACHABLE_CODE = YES;
				CLANG_WARN__DUPLICATE_METHOD_MATCH = YES;
				"CODE_SIGN_IDENTITY[sdk=iphoneos*]" = "iPhone Developer";
				COPY_PHASE_STRIP = NO;
				DEBUG_INFORMATION_FORMAT = "dwarf-with-dsym";
				ENABLE_NS_ASSERTIONS = NO;
				ENABLE_STRICT_OBJC_MSGSEND = YES;
				GCC_C_LANGUAGE_STANDARD = gnu99;
				GCC_NO_COMMON_BLOCKS = YES;
				GCC_WARN_64_TO_32_BIT_CONVERSION = YES;
				GCC_WARN_ABOUT_RETURN_TYPE = YES_ERROR;
				GCC_WARN_UNDECLARED_SELECTOR = YES;
				GCC_WARN_UNINITIALIZED_AUTOS = YES_AGGRESSIVE;
				GCC_WARN_UNUSED_FUNCTION = YES;
				GCC_WARN_UNUSED_VARIABLE = YES;
				IPHONEOS_DEPLOYMENT_TARGET = 10.2;
				MTL_ENABLE_DEBUG_INFO = NO;
				SDKROOT = iphoneos;
				VALIDATE_PRODUCT = YES;
			};
			name = Release;
		};
		96915EBA1E5AFBC500B23EDB /* Debug */ = {
			isa = XCBuildConfiguration;
			baseConfigurationReference = F62E4A0F0CF99B3B4AD0265A /* Pods-qiushibaike.debug.xcconfig */;
			buildSettings = {
				ARCHS = (
					"$(ARCHS_STANDARD)",
					armv7s,
				);
				ASSETCATALOG_COMPILER_APPICON_NAME = AppIcon;
				DEVELOPMENT_TEAM = JENXPCF8U3;
				INFOPLIST_FILE = qiushibaike/Info.plist;
				LD_RUNPATH_SEARCH_PATHS = "$(inherited) @executable_path/Frameworks";
				PRODUCT_BUNDLE_IDENTIFIER = com.longwei.qiushibaike;
				PRODUCT_NAME = "$(TARGET_NAME)";
			};
			name = Debug;
		};
		96915EBB1E5AFBC500B23EDB /* Release */ = {
			isa = XCBuildConfiguration;
			baseConfigurationReference = 10CFFB9517EFB44C8B909C51 /* Pods-qiushibaike.release.xcconfig */;
			buildSettings = {
				ARCHS = (
					"$(ARCHS_STANDARD)",
					armv7s,
				);
				ASSETCATALOG_COMPILER_APPICON_NAME = AppIcon;
				DEVELOPMENT_TEAM = JENXPCF8U3;
				INFOPLIST_FILE = qiushibaike/Info.plist;
				LD_RUNPATH_SEARCH_PATHS = "$(inherited) @executable_path/Frameworks";
				PRODUCT_BUNDLE_IDENTIFIER = com.longwei.qiushibaike;
				PRODUCT_NAME = "$(TARGET_NAME)";
			};
			name = Release;
		};
/* End XCBuildConfiguration section */

/* Begin XCConfigurationList section */
		96915E9D1E5AFBC500B23EDB /* Build configuration list for PBXProject "qiushibaike" */ = {
			isa = XCConfigurationList;
			buildConfigurations = (
				96915EB71E5AFBC500B23EDB /* Debug */,
				96915EB81E5AFBC500B23EDB /* Release */,
			);
			defaultConfigurationIsVisible = 0;
			defaultConfigurationName = Release;
		};
		96915EB91E5AFBC500B23EDB /* Build configuration list for PBXNativeTarget "qiushibaike" */ = {
			isa = XCConfigurationList;
			buildConfigurations = (
				96915EBA1E5AFBC500B23EDB /* Debug */,
				96915EBB1E5AFBC500B23EDB /* Release */,
			);
			defaultConfigurationIsVisible = 0;
			defaultConfigurationName = Release;
		};
/* End XCConfigurationList section */
	};
	rootObject = 96915E9A1E5AFBC500B23EDB /* Project object */;
}
